{
  "version": 1,
  "dependencies": {
    ".NETFramework,Version=v4.7.2": {
      "Nerdbank.GitVersioning": {
        "type": "Direct",
        "requested": "[3.6.139, )",
        "resolved": "3.6.139",
        "contentHash": "rq0Ub/Jik7PtMtZtLn0tHuJ01Yt36RQ+eeBe+S7qnJ/EFOX6D4T9zuYD3vQPYKGI6Ro4t2iWgFm3fGDgjBrMfg=="
      },
      "xunit.v3.extensibility.core": {
        "type": "Direct",
        "requested": "[2.0.2, )",
        "resolved": "2.0.2",
        "contentHash": "4YPSALWtAafrrMr3O+6w/KI0FubKdY2ShigzUWIEgmdXJkU73v9H192dCpvDkIWRPa7OxBrGZ6mjS+A6poexSQ==",
        "dependencies": {
          "xunit.v3.common": "[2.0.2]"
        }
      },
      "Microsoft.Bcl.AsyncInterfaces": {
        "type": "Transitive",
        "resolved": "6.0.0",
        "contentHash": "UcSjPsst+DfAdJGVDsu346FX0ci0ah+lw3WRtn18NUwEqRt70HaOQ7lI72vy3+1LxtqI3T5GWwV39rQSrCzAeg==",
        "dependencies": {
          "System.Threading.Tasks.Extensions": "4.5.4"
        }
      },
      "System.Runtime.CompilerServices.Unsafe": {
        "type": "Transitive",
        "resolved": "4.5.3",
        "contentHash": "3TIsJhD1EiiT0w2CcDMN/iSSwnNnsrnbzeVHSKkaEgV85txMprmuO+Yq2AdSbeVGcg28pdNDTPK87tJhX7VFHw=="
      },
      "System.Threading.Tasks.Extensions": {
        "type": "Transitive",
        "resolved": "4.5.4",
        "contentHash": "zteT+G8xuGu6mS+mzDzYXbzS7rd3K6Fjb9RiZlYlJPam2/hU7JCBZBVEcywNuR+oZ1ncTvc/cq0faRr3P01OVg==",
        "dependencies": {
          "System.Runtime.CompilerServices.Unsafe": "4.5.3"
        }
      },
      "xunit.v3.common": {
        "type": "Transitive",
        "resolved": "2.0.2",
        "contentHash": "ZngN3yHk/U4Od+1KEjLDqX7ubxA4xuAUdBeZMasWgkR1fByyLjRevKxWzhp5mgl35n6eYz/Lcl7FV1PGV2d0Ew==",
        "dependencies": {
          "Microsoft.Bcl.AsyncInterfaces": "6.0.0"
        }
      }
    },
    ".NETStandard,Version=v2.0": {
      "Nerdbank.GitVersioning": {
        "type": "Direct",
        "requested": "[3.6.139, )",
        "resolved": "3.6.139",
        "contentHash": "rq0Ub/Jik7PtMtZtLn0tHuJ01Yt36RQ+eeBe+S7qnJ/EFOX6D4T9zuYD3vQPYKGI6Ro4t2iWgFm3fGDgjBrMfg=="
      },
      "NETStandard.Library": {
        "type": "Direct",
        "requested": "[2.0.3, )",
        "resolved": "2.0.3",
        "contentHash": "st47PosZSHrjECdjeIzZQbzivYBJFv6P2nv4cj2ypdI204DO+vZ7l5raGMiX4eXMJ53RfOIg+/s4DHVZ54Nu2A==",
        "dependencies": {
          "Microsoft.NETCore.Platforms": "1.1.0"
        }
      },
      "xunit.v3.extensibility.core": {
        "type": "Direct",
        "requested": "[2.0.2, )",
        "resolved": "2.0.2",
        "contentHash": "4YPSALWtAafrrMr3O+6w/KI0FubKdY2ShigzUWIEgmdXJkU73v9H192dCpvDkIWRPa7OxBrGZ6mjS+A6poexSQ==",
        "dependencies": {
          "xunit.v3.common": "[2.0.2]"
        }
      },
      "Microsoft.Bcl.AsyncInterfaces": {
        "type": "Transitive",
        "resolved": "6.0.0",
        "contentHash": "UcSjPsst+DfAdJGVDsu346FX0ci0ah+lw3WRtn18NUwEqRt70HaOQ7lI72vy3+1LxtqI3T5GWwV39rQSrCzAeg==",
        "dependencies": {
          "System.Threading.Tasks.Extensions": "4.5.4"
        }
      },
      "Microsoft.NETCore.Platforms": {
        "type": "Transitive",
        "resolved": "1.1.0",
        "contentHash": "kz0PEW2lhqygehI/d6XsPCQzD7ff7gUJaVGPVETX611eadGsA3A877GdSlU0LRVMCTH/+P3o2iDTak+S08V2+A=="
      },
      "System.Runtime.CompilerServices.Unsafe": {
        "type": "Transitive",
        "resolved": "4.5.3",
        "contentHash": "3TIsJhD1EiiT0w2CcDMN/iSSwnNnsrnbzeVHSKkaEgV85txMprmuO+Yq2AdSbeVGcg28pdNDTPK87tJhX7VFHw=="
      },
      "System.Threading.Tasks.Extensions": {
        "type": "Transitive",
        "resolved": "4.5.4",
        "contentHash": "zteT+G8xuGu6mS+mzDzYXbzS7rd3K6Fjb9RiZlYlJPam2/hU7JCBZBVEcywNuR+oZ1ncTvc/cq0faRr3P01OVg==",
        "dependencies": {
          "System.Runtime.CompilerServices.Unsafe": "4.5.3"
        }
      },
      "xunit.v3.common": {
        "type": "Transitive",
        "resolved": "2.0.2",
        "contentHash": "ZngN3yHk/U4Od+1KEjLDqX7ubxA4xuAUdBeZMasWgkR1fByyLjRevKxWzhp5mgl35n6eYz/Lcl7FV1PGV2d0Ew==",
        "dependencies": {
          "Microsoft.Bcl.AsyncInterfaces": "6.0.0"
        }
      }
    },
    "net8.0": {
      "Nerdbank.GitVersioning": {
        "type": "Direct",
        "requested": "[3.6.139, )",
        "resolved": "3.6.139",
        "contentHash": "rq0Ub/Jik7PtMtZtLn0tHuJ01Yt36RQ+eeBe+S7qnJ/EFOX6D4T9zuYD3vQPYKGI6Ro4t2iWgFm3fGDgjBrMfg=="
      },
      "xunit.v3.extensibility.core": {
        "type": "Direct",
        "requested": "[2.0.2, )",
        "resolved": "2.0.2",
        "contentHash": "4YPSALWtAafrrMr3O+6w/KI0FubKdY2ShigzUWIEgmdXJkU73v9H192dCpvDkIWRPa7OxBrGZ6mjS+A6poexSQ==",
        "dependencies": {
          "xunit.v3.common": "[2.0.2]"
        }
      },
      "Microsoft.Bcl.AsyncInterfaces": {
        "type": "Transitive",
        "resolved": "6.0.0",
        "contentHash": "UcSjPsst+DfAdJGVDsu346FX0ci0ah+lw3WRtn18NUwEqRt70HaOQ7lI72vy3+1LxtqI3T5GWwV39rQSrCzAeg=="
      },
      "xunit.v3.common": {
        "type": "Transitive",
        "resolved": "2.0.2",
        "contentHash": "ZngN3yHk/U4Od+1KEjLDqX7ubxA4xuAUdBeZMasWgkR1fByyLjRevKxWzhp5mgl35n6eYz/Lcl7FV1PGV2d0Ew==",
        "dependencies": {
          "Microsoft.Bcl.AsyncInterfaces": "6.0.0"
        }
      }
    }
  }
}